
Microsoft Visual Studio Solution File, Format Version 12.00
# Visual Studio Version 17
VisualStudioVersion = 17.1.32328.378
MinimumVisualStudioVersion = 10.0.40219.1
Project("{FAE04EC0-301F-11D3-BF4B-00C04F79EFBC}") = "SearchTotalFilesCapacity", "SearchTotalFilesCapacity\SearchTotalFilesCapacity.csproj", "{141E41B6-B792-4B4B-8E27-AD65ED8B655D}"
EndProject
Global
	GlobalSection(SolutionConfigurationPlatforms) = preSolution
		Debug|Any CPU = Debug|Any CPU
		Release|Any CPU = Release|Any CPU
	EndGlobalSection
	GlobalSection(ProjectConfigurationPlatforms) = postSolution
		{141E41B6-B792-4B4B-8E27-AD65ED8B655D}.Debug|Any CPU.ActiveCfg = Debug|Any CPU
		{141E41B6-B792-4B4B-8E27-AD65ED8B655D}.Debug|Any CPU.Build.0 = Debug|Any CPU
		{141E41B6-B792-4B4B-8E27-AD65ED8B655D}.Release|Any CPU.ActiveCfg = Release|Any CPU
		{141E41B6-B792-4B4B-8E27-AD65ED8B655D}.Release|Any CPU.Build.0 = Release|Any CPU
	EndGlobalSection
	GlobalSection(SolutionProperties) = preSolution
		HideSolutionNode = FALSE
	EndGlobalSection
	GlobalSection(ExtensibilityGlobals) = postSolution
		SolutionGuid = {E163DA54-0C14-4CF8-BDF7-6EFC4926912C}
	EndGlobalSection
EndGlobal
